
Microsoft Visual Studio Solution File, Format Version 12.00
# Visual Studio Version 16
VisualStudioVersion = 16.0.31313.79
MinimumVisualStudioVersion = 10.0.40219.1
Project("{8BC9CEB8-8B4A-11D0-8D11-00A0C91BC942}") = "simpleQuad", "simple_quad\simple_quad.vcxproj", "{F6D413BE-E554-49BA-81A7-CF18A173F486}"
EndProject
Project("{8BC9CEB8-8B4A-11D0-8D11-00A0C91BC942}") = "transformations", "transformations\transformations.vcxproj", "{36EBCBA4-0D4D-4CF1-836A-F0495C46B9BC}"
EndProject
Project("{8BC9CEB8-8B4A-11D0-8D11-00A0C91BC942}") = "graphics", "graphics\graphics.vcxproj", "{633B8474-5DBB-4EC6-AC83-B2FDD91B84C3}"
EndProject
Project("{8BC9CEB8-8B4A-11D0-8D11-00A0C91BC942}") = "simpleTexture", "basic_texture\basic_texture.vcxproj", "{D2E43695-A389-4EC6-B6DC-5999CD0F67EB}"
EndProject
Project("{8BC9CEB8-8B4A-11D0-8D11-00A0C91BC942}") = "bindTextures", "bindTextures\bindTextures.vcxproj", "{F42BC623-BEB2-4002-AC44-E3D53C8D648E}"
EndProject
Project("{8BC9CEB8-8B4A-11D0-8D11-00A0C91BC942}") = "simpleInteropCUDA", "simpleInteropCUDA\simpleInteropCUDA.vcxproj", "{6ECB55C5-3B9B-444C-A224-546635B7830C}"
EndProject
Project("{8BC9CEB8-8B4A-11D0-8D11-00A0C91BC942}") = "points2DCUDA", "points2DCUDA\points2DCUDA.vcxproj", "{CD84524A-7E15-496C-8607-1B08B7908023}"
EndProject
Project("{8BC9CEB8-8B4A-11D0-8D11-00A0C91BC942}") = "simple3DTexture", "simple3DTexture\simple3DTexture.vcxproj", "{D4A2771D-EC82-4599-B503-ED6C7B3B412A}"
EndProject
Project("{8BC9CEB8-8B4A-11D0-8D11-00A0C91BC942}") = "Multiple3D", "Multiple3D\Multiple3D.vcxproj", "{650B62A0-3DFA-4923-AF42-77950ECB11C4}"
EndProject
Project("{8BC9CEB8-8B4A-11D0-8D11-00A0C91BC942}") = "points3DCUDA", "points3DCUDA\points3DCUDA.vcxproj", "{24C603EC-BCBB-4C17-8231-15D9048C9E9A}"
EndProject
Project("{8BC9CEB8-8B4A-11D0-8D11-00A0C91BC942}") = "simpleLighting", "simpleLighting\simpleLighting.vcxproj", "{6BD22C32-D2B9-4290-9DAA-EAD998D911C5}"
EndProject
Global
	GlobalSection(SolutionConfigurationPlatforms) = preSolution
		Debug|x64 = Debug|x64
		Debug|x86 = Debug|x86
		Release|x64 = Release|x64
		Release|x86 = Release|x86
	EndGlobalSection
	GlobalSection(ProjectConfigurationPlatforms) = postSolution
		{F6D413BE-E554-49BA-81A7-CF18A173F486}.Debug|x64.ActiveCfg = Debug|x64
		{F6D413BE-E554-49BA-81A7-CF18A173F486}.Debug|x64.Build.0 = Debug|x64
		{F6D413BE-E554-49BA-81A7-CF18A173F486}.Debug|x86.ActiveCfg = Debug|Win32
		{F6D413BE-E554-49BA-81A7-CF18A173F486}.Debug|x86.Build.0 = Debug|Win32
		{F6D413BE-E554-49BA-81A7-CF18A173F486}.Release|x64.ActiveCfg = Release|x64
		{F6D413BE-E554-49BA-81A7-CF18A173F486}.Release|x64.Build.0 = Release|x64
		{F6D413BE-E554-49BA-81A7-CF18A173F486}.Release|x86.ActiveCfg = Release|Win32
		{F6D413BE-E554-49BA-81A7-CF18A173F486}.Release|x86.Build.0 = Release|Win32
		{36EBCBA4-0D4D-4CF1-836A-F0495C46B9BC}.Debug|x64.ActiveCfg = Debug|x64
		{36EBCBA4-0D4D-4CF1-836A-F0495C46B9BC}.Debug|x64.Build.0 = Debug|x64
		{36EBCBA4-0D4D-4CF1-836A-F0495C46B9BC}.Debug|x86.ActiveCfg = Debug|Win32
		{36EBCBA4-0D4D-4CF1-836A-F0495C46B9BC}.Debug|x86.Build.0 = Debug|Win32
		{36EBCBA4-0D4D-4CF1-836A-F0495C46B9BC}.Release|x64.ActiveCfg = Release|x64
		{36EBCBA4-0D4D-4CF1-836A-F0495C46B9BC}.Release|x64.Build.0 = Release|x64
		{36EBCBA4-0D4D-4CF1-836A-F0495C46B9BC}.Release|x86.ActiveCfg = Release|Win32
		{36EBCBA4-0D4D-4CF1-836A-F0495C46B9BC}.Release|x86.Build.0 = Release|Win32
		{633B8474-5DBB-4EC6-AC83-B2FDD91B84C3}.Debug|x64.ActiveCfg = Debug|x64
		{633B8474-5DBB-4EC6-AC83-B2FDD91B84C3}.Debug|x64.Build.0 = Debug|x64
		{633B8474-5DBB-4EC6-AC83-B2FDD91B84C3}.Debug|x86.ActiveCfg = Debug|Win32
		{633B8474-5DBB-4EC6-AC83-B2FDD91B84C3}.Debug|x86.Build.0 = Debug|Win32
		{633B8474-5DBB-4EC6-AC83-B2FDD91B84C3}.Release|x64.ActiveCfg = Release|x64
		{633B8474-5DBB-4EC6-AC83-B2FDD91B84C3}.Release|x64.Build.0 = Release|x64
		{633B8474-5DBB-4EC6-AC83-B2FDD91B84C3}.Release|x86.ActiveCfg = Release|Win32
		{633B8474-5DBB-4EC6-AC83-B2FDD91B84C3}.Release|x86.Build.0 = Release|Win32
		{D2E43695-A389-4EC6-B6DC-5999CD0F67EB}.Debug|x64.ActiveCfg = Debug|x64
		{D2E43695-A389-4EC6-B6DC-5999CD0F67EB}.Debug|x64.Build.0 = Debug|x64
		{D2E43695-A389-4EC6-B6DC-5999CD0F67EB}.Debug|x86.ActiveCfg = Debug|Win32
		{D2E43695-A389-4EC6-B6DC-5999CD0F67EB}.Debug|x86.Build.0 = Debug|Win32
		{D2E43695-A389-4EC6-B6DC-5999CD0F67EB}.Release|x64.ActiveCfg = Release|x64
		{D2E43695-A389-4EC6-B6DC-5999CD0F67EB}.Release|x64.Build.0 = Release|x64
		{D2E43695-A389-4EC6-B6DC-5999CD0F67EB}.Release|x86.ActiveCfg = Release|Win32
		{D2E43695-A389-4EC6-B6DC-5999CD0F67EB}.Release|x86.Build.0 = Release|Win32
		{F42BC623-BEB2-4002-AC44-E3D53C8D648E}.Debug|x64.ActiveCfg = Debug|x64
		{F42BC623-BEB2-4002-AC44-E3D53C8D648E}.Debug|x64.Build.0 = Debug|x64
		{F42BC623-BEB2-4002-AC44-E3D53C8D648E}.Debug|x86.ActiveCfg = Debug|Win32
		{F42BC623-BEB2-4002-AC44-E3D53C8D648E}.Debug|x86.Build.0 = Debug|Win32
		{F42BC623-BEB2-4002-AC44-E3D53C8D648E}.Release|x64.ActiveCfg = Release|x64
		{F42BC623-BEB2-4002-AC44-E3D53C8D648E}.Release|x64.Build.0 = Release|x64
		{F42BC623-BEB2-4002-AC44-E3D53C8D648E}.Release|x86.ActiveCfg = Release|Win32
		{F42BC623-BEB2-4002-AC44-E3D53C8D648E}.Release|x86.Build.0 = Release|Win32
		{6ECB55C5-3B9B-444C-A224-546635B7830C}.Debug|x64.ActiveCfg = Debug|x64
		{6ECB55C5-3B9B-444C-A224-546635B7830C}.Debug|x64.Build.0 = Debug|x64
		{6ECB55C5-3B9B-444C-A224-546635B7830C}.Debug|x86.ActiveCfg = Debug|x64
		{6ECB55C5-3B9B-444C-A224-546635B7830C}.Release|x64.ActiveCfg = Release|x64
		{6ECB55C5-3B9B-444C-A224-546635B7830C}.Release|x64.Build.0 = Release|x64
		{6ECB55C5-3B9B-444C-A224-546635B7830C}.Release|x86.ActiveCfg = Release|x64
		{CD84524A-7E15-496C-8607-1B08B7908023}.Debug|x64.ActiveCfg = Debug|x64
		{CD84524A-7E15-496C-8607-1B08B7908023}.Debug|x64.Build.0 = Debug|x64
		{CD84524A-7E15-496C-8607-1B08B7908023}.Debug|x86.ActiveCfg = Debug|x64
		{CD84524A-7E15-496C-8607-1B08B7908023}.Release|x64.ActiveCfg = Release|x64
		{CD84524A-7E15-496C-8607-1B08B7908023}.Release|x64.Build.0 = Release|x64
		{CD84524A-7E15-496C-8607-1B08B7908023}.Release|x86.ActiveCfg = Release|x64
		{D4A2771D-EC82-4599-B503-ED6C7B3B412A}.Debug|x64.ActiveCfg = Debug|x64
		{D4A2771D-EC82-4599-B503-ED6C7B3B412A}.Debug|x64.Build.0 = Debug|x64
		{D4A2771D-EC82-4599-B503-ED6C7B3B412A}.Debug|x86.ActiveCfg = Debug|Win32
		{D4A2771D-EC82-4599-B503-ED6C7B3B412A}.Debug|x86.Build.0 = Debug|Win32
		{D4A2771D-EC82-4599-B503-ED6C7B3B412A}.Release|x64.ActiveCfg = Release|x64
		{D4A2771D-EC82-4599-B503-ED6C7B3B412A}.Release|x64.Build.0 = Release|x64
		{D4A2771D-EC82-4599-B503-ED6C7B3B412A}.Release|x86.ActiveCfg = Release|Win32
		{D4A2771D-EC82-4599-B503-ED6C7B3B412A}.Release|x86.Build.0 = Release|Win32
		{650B62A0-3DFA-4923-AF42-77950ECB11C4}.Debug|x64.ActiveCfg = Debug|x64
		{650B62A0-3DFA-4923-AF42-77950ECB11C4}.Debug|x64.Build.0 = Debug|x64
		{650B62A0-3DFA-4923-AF42-77950ECB11C4}.Debug|x86.ActiveCfg = Debug|Win32
		{650B62A0-3DFA-4923-AF42-77950ECB11C4}.Debug|x86.Build.0 = Debug|Win32
		{650B62A0-3DFA-4923-AF42-77950ECB11C4}.Release|x64.ActiveCfg = Release|x64
		{650B62A0-3DFA-4923-AF42-77950ECB11C4}.Release|x64.Build.0 = Release|x64
		{650B62A0-3DFA-4923-AF42-77950ECB11C4}.Release|x86.ActiveCfg = Release|Win32
		{650B62A0-3DFA-4923-AF42-77950ECB11C4}.Release|x86.Build.0 = Release|Win32
		{24C603EC-BCBB-4C17-8231-15D9048C9E9A}.Debug|x64.ActiveCfg = Debug|x64
		{24C603EC-BCBB-4C17-8231-15D9048C9E9A}.Debug|x64.Build.0 = Debug|x64
		{24C603EC-BCBB-4C17-8231-15D9048C9E9A}.Debug|x86.ActiveCfg = Debug|x64
		{24C603EC-BCBB-4C17-8231-15D9048C9E9A}.Release|x64.ActiveCfg = Release|x64
		{24C603EC-BCBB-4C17-8231-15D9048C9E9A}.Release|x64.Build.0 = Release|x64
		{24C603EC-BCBB-4C17-8231-15D9048C9E9A}.Release|x86.ActiveCfg = Release|x64
		{6BD22C32-D2B9-4290-9DAA-EAD998D911C5}.Debug|x64.ActiveCfg = Debug|x64
		{6BD22C32-D2B9-4290-9DAA-EAD998D911C5}.Debug|x64.Build.0 = Debug|x64
		{6BD22C32-D2B9-4290-9DAA-EAD998D911C5}.Debug|x86.ActiveCfg = Debug|Win32
		{6BD22C32-D2B9-4290-9DAA-EAD998D911C5}.Debug|x86.Build.0 = Debug|Win32
		{6BD22C32-D2B9-4290-9DAA-EAD998D911C5}.Release|x64.ActiveCfg = Release|x64
		{6BD22C32-D2B9-4290-9DAA-EAD998D911C5}.Release|x64.Build.0 = Release|x64
		{6BD22C32-D2B9-4290-9DAA-EAD998D911C5}.Release|x86.ActiveCfg = Release|Win32
		{6BD22C32-D2B9-4290-9DAA-EAD998D911C5}.Release|x86.Build.0 = Release|Win32
	EndGlobalSection
	GlobalSection(SolutionProperties) = preSolution
		HideSolutionNode = FALSE
	EndGlobalSection
	GlobalSection(ExtensibilityGlobals) = postSolution
		SolutionGuid = {30F92188-9B24-4AE6-A62B-107AF9761681}
	EndGlobalSection
EndGlobal
